// !$*UTF8*$!
{
	archiveVersion = 1;
	classes = {
	};
	objectVersion = 56;
	objects = {

/* Begin PBXBuildFile section */
		A17B76652AC314EA001ED2A1 /* FasthubApp.swift in Sources */ = {isa = PBXBuildFile; fileRef = A17B76642AC314E9001ED2A1 /* FasthubApp.swift */; };
		A17B76672AC314EA001ED2A1 /* ContentView.swift in Sources */ = {isa = PBXBuildFile; fileRef = A17B76662AC314EA001ED2A1 /* ContentView.swift */; };
		A17B76692AC314F0001ED2A1 /* Assets.xcassets in Resources */ = {isa = PBXBuildFile; fileRef = A17B76682AC314F0001ED2A1 /* Assets.xcassets */; };
		A17B766C2AC314F1001ED2A1 /* Preview Assets.xcassets in Resources */ = {isa = PBXBuildFile; fileRef = A17B766B2AC314F1001ED2A1 /* Preview Assets.xcassets */; };
		A17B76762AC314F1001ED2A1 /* FasthubTests.swift in Sources */ = {isa = PBXBuildFile; fileRef = A17B76752AC314F1001ED2A1 /* FasthubTests.swift */; };
		A17B76802AC314F1001ED2A1 /* FasthubUITests.swift in Sources */ = {isa = PBXBuildFile; fileRef = A17B767F2AC314F1001ED2A1 /* FasthubUITests.swift */; };
		A17B768F2AC3186E001ED2A1 /* SnapshotHelper.swift in Sources */ = {isa = PBXBuildFile; fileRef = A17B768E2AC3186D001ED2A1 /* SnapshotHelper.swift */; };
/* End PBXBuildFile section */

/* Begin PBXContainerItemProxy section */
		A17B76722AC314F1001ED2A1 /* PBXContainerItemProxy */ = {
			isa = PBXContainerItemProxy;
			containerPortal = A17B76592AC314E9001ED2A1 /* Project object */;
			proxyType = 1;
			remoteGlobalIDString = A17B76602AC314E9001ED2A1;
			remoteInfo = Fasthub;
		};
		A17B767C2AC314F1001ED2A1 /* PBXContainerItemProxy */ = {
			isa = PBXContainerItemProxy;
			containerPortal = A17B76592AC314E9001ED2A1 /* Project object */;
			proxyType = 1;
			remoteGlobalIDString = A17B76602AC314E9001ED2A1;
			remoteInfo = Fasthub;
		};
/* End PBXContainerItemProxy section */

/* Begin PBXFileReference section */
		A17B76612AC314E9001ED2A1 /* Fasthub.app */ = {isa = PBXFileReference; explicitFileType = wrapper.application; includeInIndex = 0; path = Fasthub.app; sourceTree = BUILT_PRODUCTS_DIR; };
		A17B76642AC314E9001ED2A1 /* FasthubApp.swift */ = {isa = PBXFileReference; lastKnownFileType = sourcecode.swift; path = FasthubApp.swift; sourceTree = "<group>"; };
		A17B76662AC314EA001ED2A1 /* ContentView.swift */ = {isa = PBXFileReference; lastKnownFileType = sourcecode.swift; path = ContentView.swift; sourceTree = "<group>"; };
		A17B76682AC314F0001ED2A1 /* Assets.xcassets */ = {isa = PBXFileReference; lastKnownFileType = folder.assetcatalog; path = Assets.xcassets; sourceTree = "<group>"; };
		A17B766B2AC314F1001ED2A1 /* Preview Assets.xcassets */ = {isa = PBXFileReference; lastKnownFileType = folder.assetcatalog; path = "Preview Assets.xcassets"; sourceTree = "<group>"; };
		A17B76712AC314F1001ED2A1 /* FasthubTests.xctest */ = {isa = PBXFileReference; explicitFileType = wrapper.cfbundle; includeInIndex = 0; path = FasthubTests.xctest; sourceTree = BUILT_PRODUCTS_DIR; };
		A17B76752AC314F1001ED2A1 /* FasthubTests.swift */ = {isa = PBXFileReference; lastKnownFileType = sourcecode.swift; path = FasthubTests.swift; sourceTree = "<group>"; };
		A17B767B2AC314F1001ED2A1 /* FasthubUITests.xctest */ = {isa = PBXFileReference; explicitFileType = wrapper.cfbundle; includeInIndex = 0; path = FasthubUITests.xctest; sourceTree = BUILT_PRODUCTS_DIR; };
		A17B767F2AC314F1001ED2A1 /* FasthubUITests.swift */ = {isa = PBXFileReference; lastKnownFileType = sourcecode.swift; path = FasthubUITests.swift; sourceTree = "<group>"; };
		A17B768E2AC3186D001ED2A1 /* SnapshotHelper.swift */ = {isa = PBXFileReference; fileEncoding = 4; lastKnownFileType = sourcecode.swift; name = SnapshotHelper.swift; path = fastlane/SnapshotHelper.swift; sourceTree = SOURCE_ROOT; };
/* End PBXFileReference section */

/* Begin PBXFrameworksBuildPhase section */
		A17B765E2AC314E9001ED2A1 /* Frameworks */ = {
			isa = PBXFrameworksBuildPhase;
			buildActionMask = 2147483647;
			files = (
			);
			runOnlyForDeploymentPostprocessing = 0;
		};
		A17B766E2AC314F1001ED2A1 /* Frameworks */ = {
			isa = PBXFrameworksBuildPhase;
			buildActionMask = 2147483647;
			files = (
			);
			runOnlyForDeploymentPostprocessing = 0;
		};
		A17B76782AC314F1001ED2A1 /* Frameworks */ = {
			isa = PBXFrameworksBuildPhase;
			buildActionMask = 2147483647;
			files = (
			);
			runOnlyForDeploymentPostprocessing = 0;
		};
/* End PBXFrameworksBuildPhase section */

/* Begin PBXGroup section */
		A17B76582AC314E9001ED2A1 = {
			isa = PBXGroup;
			children = (
				A17B76632AC314E9001ED2A1 /* Fasthub */,
				A17B76742AC314F1001ED2A1 /* FasthubTests */,
				A17B767E2AC314F1001ED2A1 /* FasthubUITests */,
				A17B76622AC314E9001ED2A1 /* Products */,
			);
			sourceTree = "<group>";
		};
		A17B76622AC314E9001ED2A1 /* Products */ = {
			isa = PBXGroup;
			children = (
				A17B76612AC314E9001ED2A1 /* Fasthub.app */,
				A17B76712AC314F1001ED2A1 /* FasthubTests.xctest */,
				A17B767B2AC314F1001ED2A1 /* FasthubUITests.xctest */,
			);
			name = Products;
			sourceTree = "<group>";
		};
		A17B76632AC314E9001ED2A1 /* Fasthub */ = {
			isa = PBXGroup;
			children = (
				A17B76642AC314E9001ED2A1 /* FasthubApp.swift */,
				A17B76662AC314EA001ED2A1 /* ContentView.swift */,
				A17B76682AC314F0001ED2A1 /* Assets.xcassets */,
				A17B766A2AC314F1001ED2A1 /* Preview Content */,
			);
			path = Fasthub;
			sourceTree = "<group>";
		};
		A17B766A2AC314F1001ED2A1 /* Preview Content */ = {
			isa = PBXGroup;
			children = (
				A17B766B2AC314F1001ED2A1 /* Preview Assets.xcassets */,
			);
			path = "Preview Content";
			sourceTree = "<group>";
		};
		A17B76742AC314F1001ED2A1 /* FasthubTests */ = {
			isa = PBXGroup;
			children = (
				A17B76752AC314F1001ED2A1 /* FasthubTests.swift */,
			);
			path = FasthubTests;
			sourceTree = "<group>";
		};
		A17B767E2AC314F1001ED2A1 /* FasthubUITests */ = {
			isa = PBXGroup;
			children = (
				A17B767F2AC314F1001ED2A1 /* FasthubUITests.swift */,
				A17B768E2AC3186D001ED2A1 /* SnapshotHelper.swift */,
			);
			path = FasthubUITests;
			sourceTree = "<group>";
		};
/* End PBXGroup section */

/* Begin PBXNativeTarget section */
		A17B76602AC314E9001ED2A1 /* Fasthub */ = {
			isa = PBXNativeTarget;
			buildConfigurationList = A17B76852AC314F1001ED2A1 /* Build configuration list for PBXNativeTarget "Fasthub" */;
			buildPhases = (
				A17B765D2AC314E9001ED2A1 /* Sources */,
				A17B765E2AC314E9001ED2A1 /* Frameworks */,
				A17B765F2AC314E9001ED2A1 /* Resources */,
			);
			buildRules = (
			);
			dependencies = (
			);
			name = Fasthub;
			productName = Fasthub;
			productReference = A17B76612AC314E9001ED2A1 /* Fasthub.app */;
			productType = "com.apple.product-type.application";
		};
		A17B76702AC314F1001ED2A1 /* FasthubTests */ = {
			isa = PBXNativeTarget;
			buildConfigurationList = A17B76882AC314F1001ED2A1 /* Build configuration list for PBXNativeTarget "FasthubTests" */;
			buildPhases = (
				A17B766D2AC314F1001ED2A1 /* Sources */,
				A17B766E2AC314F1001ED2A1 /* Frameworks */,
				A17B766F2AC314F1001ED2A1 /* Resources */,
			);
			buildRules = (
			);
			dependencies = (
				A17B76732AC314F1001ED2A1 /* PBXTargetDependency */,
			);
			name = FasthubTests;
			productName = FasthubTests;
			productReference = A17B76712AC314F1001ED2A1 /* FasthubTests.xctest */;
			productType = "com.apple.product-type.bundle.unit-test";
		};
		A17B767A2AC314F1001ED2A1 /* FasthubUITests */ = {
			isa = PBXNativeTarget;
			buildConfigurationList = A17B768B2AC314F1001ED2A1 /* Build configuration list for PBXNativeTarget "FasthubUITests" */;
			buildPhases = (
				A17B76772AC314F1001ED2A1 /* Sources */,
				A17B76782AC314F1001ED2A1 /* Frameworks */,
				A17B76792AC314F1001ED2A1 /* Resources */,
			);
			buildRules = (
			);
			dependencies = (
				A17B767D2AC314F1001ED2A1 /* PBXTargetDependency */,
			);
			name = FasthubUITests;
			productName = FasthubUITests;
			productReference = A17B767B2AC314F1001ED2A1 /* FasthubUITests.xctest */;
			productType = "com.apple.product-type.bundle.ui-testing";
		};
/* End PBXNativeTarget section */

/* Begin PBXProject section */
		A17B76592AC314E9001ED2A1 /* Project object */ = {
			isa = PBXProject;
			attributes = {
				BuildIndependentTargetsInParallel = 1;
				LastSwiftUpdateCheck = 1420;
				LastUpgradeCheck = 1420;
				TargetAttributes = {
					A17B76602AC314E9001ED2A1 = {
						CreatedOnToolsVersion = 14.2;
					};
					A17B76702AC314F1001ED2A1 = {
						CreatedOnToolsVersion = 14.2;
						TestTargetID = A17B76602AC314E9001ED2A1;
					};
					A17B767A2AC314F1001ED2A1 = {
						CreatedOnToolsVersion = 14.2;
						TestTargetID = A17B76602AC314E9001ED2A1;
					};
				};
			};
			buildConfigurationList = A17B765C2AC314E9001ED2A1 /* Build configuration list for PBXProject "Fasthub" */;
			compatibilityVersion = "Xcode 14.0";
			developmentRegion = en;
			hasScannedForEncodings = 0;
			knownRegions = (
				en,
				Base,
			);
			mainGroup = A17B76582AC314E9001ED2A1;
			productRefGroup = A17B76622AC314E9001ED2A1 /* Products */;
			projectDirPath = "";
			projectRoot = "";
			targets = (
				A17B76602AC314E9001ED2A1 /* Fasthub */,
				A17B76702AC314F1001ED2A1 /* FasthubTests */,
				A17B767A2AC314F1001ED2A1 /* FasthubUITests */,
			);
		};
/* End PBXProject section */

/* Begin PBXResourcesBuildPhase section */
		A17B765F2AC314E9001ED2A1 /* Resources */ = {
			isa = PBXResourcesBuildPhase;
			buildActionMask = 2147483647;
			files = (
				A17B766C2AC314F1001ED2A1 /* Preview Assets.xcassets in Resources */,
				A17B76692AC314F0001ED2A1 /* Assets.xcassets in Resources */,
			);
			runOnlyForDeploymentPostprocessing = 0;
		};
		A17B766F2AC314F1001ED2A1 /* Resources */ = {
			isa = PBXResourcesBuildPhase;
			buildActionMask = 2147483647;
			files = (
			);
			runOnlyForDeploymentPostprocessing = 0;
		};
		A17B76792AC314F1001ED2A1 /* Resources */ = {
			isa = PBXResourcesBuildPhase;
			buildActionMask = 2147483647;
			files = (
			);
			runOnlyForDeploymentPostprocessing = 0;
		};
/* End PBXResourcesBuildPhase section */

/* Begin PBXSourcesBuildPhase section */
		A17B765D2AC314E9001ED2A1 /* Sources */ = {
			isa = PBXSourcesBuildPhase;
			buildActionMask = 2147483647;
			files = (
				A17B76672AC314EA001ED2A1 /* ContentView.swift in Sources */,
				A17B76652AC314EA001ED2A1 /* FasthubApp.swift in Sources */,
			);
			runOnlyForDeploymentPostprocessing = 0;
		};
		A17B766D2AC314F1001ED2A1 /* Sources */ = {
			isa = PBXSourcesBuildPhase;
			buildActionMask = 2147483647;
			files = (
				A17B76762AC314F1001ED2A1 /* FasthubTests.swift in Sources */,
			);
			runOnlyForDeploymentPostprocessing = 0;
		};
		A17B76772AC314F1001ED2A1 /* Sources */ = {
			isa = PBXSourcesBuildPhase;
			buildActionMask = 2147483647;
			files = (
				A17B76802AC314F1001ED2A1 /* FasthubUITests.swift in Sources */,
				A17B768F2AC3186E001ED2A1 /* SnapshotHelper.swift in Sources */,
			);
			runOnlyForDeploymentPostprocessing = 0;
		};
/* End PBXSourcesBuildPhase section */

/* Begin PBXTargetDependency section */
		A17B76732AC314F1001ED2A1 /* PBXTargetDependency */ = {
			isa = PBXTargetDependency;
			target = A17B76602AC314E9001ED2A1 /* Fasthub */;
			targetProxy = A17B76722AC314F1001ED2A1 /* PBXContainerItemProxy */;
		};
		A17B767D2AC314F1001ED2A1 /* PBXTargetDependency */ = {
			isa = PBXTargetDependency;
			target = A17B76602AC314E9001ED2A1 /* Fasthub */;
			targetProxy = A17B767C2AC314F1001ED2A1 /* PBXContainerItemProxy */;
		};
/* End PBXTargetDependency section */

/* Begin XCBuildConfiguration section */
		A17B76832AC314F1001ED2A1 /* Debug */ = {
			isa = XCBuildConfiguration;
			buildSettings = {
				ALWAYS_SEARCH_USER_PATHS = NO;
				CLANG_ANALYZER_NONNULL = YES;
				CLANG_ANALYZER_NUMBER_OBJECT_CONVERSION = YES_AGGRESSIVE;
				CLANG_CXX_LANGUAGE_STANDARD = "gnu++20";
				CLANG_ENABLE_MODULES = YES;
				CLANG_ENABLE_OBJC_ARC = YES;
				CLANG_ENABLE_OBJC_WEAK = YES;
				CLANG_WARN_BLOCK_CAPTURE_AUTORELEASING = YES;
				CLANG_WARN_BOOL_CONVERSION = YES;
				CLANG_WARN_COMMA = YES;
				CLANG_WARN_CONSTANT_CONVERSION = YES;
				CLANG_WARN_DEPRECATED_OBJC_IMPLEMENTATIONS = YES;
				CLANG_WARN_DIRECT_OBJC_ISA_USAGE = YES_ERROR;
				CLANG_WARN_DOCUMENTATION_COMMENTS = YES;
				CLANG_WARN_EMPTY_BODY = YES;
				CLANG_WARN_ENUM_CONVERSION = YES;
				CLANG_WARN_INFINITE_RECURSION = YES;
				CLANG_WARN_INT_CONVERSION = YES;
				CLANG_WARN_NON_LITERAL_NULL_CONVERSION = YES;
				CLANG_WARN_OBJC_IMPLICIT_RETAIN_SELF = YES;
				CLANG_WARN_OBJC_LITERAL_CONVERSION = YES;
				CLANG_WARN_OBJC_ROOT_CLASS = YES_ERROR;
				CLANG_WARN_QUOTED_INCLUDE_IN_FRAMEWORK_HEADER = YES;
				CLANG_WARN_RANGE_LOOP_ANALYSIS = YES;
				CLANG_WARN_STRICT_PROTOTYPES = YES;
				CLANG_WARN_SUSPICIOUS_MOVE = YES;
				CLANG_WARN_UNGUARDED_AVAILABILITY = YES_AGGRESSIVE;
				CLANG_WARN_UNREACHABLE_CODE = YES;
				CLANG_WARN__DUPLICATE_METHOD_MATCH = YES;
				COPY_PHASE_STRIP = NO;
				DEBUG_INFORMATION_FORMAT = dwarf;
				ENABLE_STRICT_OBJC_MSGSEND = YES;
				ENABLE_TESTABILITY = YES;
				GCC_C_LANGUAGE_STANDARD = gnu11;
				GCC_DYNAMIC_NO_PIC = NO;
				GCC_NO_COMMON_BLOCKS = YES;
				GCC_OPTIMIZATION_LEVEL = 0;
				GCC_PREPROCESSOR_DEFINITIONS = (
					"DEBUG=1",
					"$(inherited)",
				);
				GCC_WARN_64_TO_32_BIT_CONVERSION = YES;
				GCC_WARN_ABOUT_RETURN_TYPE = YES_ERROR;
				GCC_WARN_UNDECLARED_SELECTOR = YES;
				GCC_WARN_UNINITIALIZED_AUTOS = YES_AGGRESSIVE;
				GCC_WARN_UNUSED_FUNCTION = YES;
				GCC_WARN_UNUSED_VARIABLE = YES;
				IPHONEOS_DEPLOYMENT_TARGET = 16.2;
				MTL_ENABLE_DEBUG_INFO = INCLUDE_SOURCE;
				MTL_FAST_MATH = YES;
				ONLY_ACTIVE_ARCH = YES;
				SDKROOT = iphoneos;
				SWIFT_ACTIVE_COMPILATION_CONDITIONS = DEBUG;
				SWIFT_OPTIMIZATION_LEVEL = "-Onone";
			};
			name = Debug;
		};
		A17B76842AC314F1001ED2A1 /* Release */ = {
			isa = XCBuildConfiguration;
			buildSettings = {
				ALWAYS_SEARCH_USER_PATHS = NO;
				CLANG_ANALYZER_NONNULL = YES;
				CLANG_ANALYZER_NUMBER_OBJECT_CONVERSION = YES_AGGRESSIVE;
				CLANG_CXX_LANGUAGE_STANDARD = "gnu++20";
				CLANG_ENABLE_MODULES = YES;
				CLANG_ENABLE_OBJC_ARC = YES;
				CLANG_ENABLE_OBJC_WEAK = YES;
				CLANG_WARN_BLOCK_CAPTURE_AUTORELEASING = YES;
				CLANG_WARN_BOOL_CONVERSION = YES;
				CLANG_WARN_COMMA = YES;
				CLANG_WARN_CONSTANT_CONVERSION = YES;
				CLANG_WARN_DEPRECATED_OBJC_IMPLEMENTATIONS = YES;
				CLANG_WARN_DIRECT_OBJC_ISA_USAGE = YES_ERROR;
				CLANG_WARN_DOCUMENTATION_COMMENTS = YES;
				CLANG_WARN_EMPTY_BODY = YES;
				CLANG_WARN_ENUM_CONVERSION = YES;
				CLANG_WARN_INFINITE_RECURSION = YES;
				CLANG_WARN_INT_CONVERSION = YES;
				CLANG_WARN_NON_LITERAL_NULL_CONVERSION = YES;
				CLANG_WARN_OBJC_IMPLICIT_RETAIN_SELF = YES;
				CLANG_WARN_OBJC_LITERAL_CONVERSION = YES;
				CLANG_WARN_OBJC_ROOT_CLASS = YES_ERROR;
				CLANG_WARN_QUOTED_INCLUDE_IN_FRAMEWORK_HEADER = YES;
				CLANG_WARN_RANGE_LOOP_ANALYSIS = YES;
				CLANG_WARN_STRICT_PROTOTYPES = YES;
				CLANG_WARN_SUSPICIOUS_MOVE = YES;
				CLANG_WARN_UNGUARDED_AVAILABILITY = YES_AGGRESSIVE;
				CLANG_WARN_UNREACHABLE_CODE = YES;
				CLANG_WARN__DUPLICATE_METHOD_MATCH = YES;
				COPY_PHASE_STRIP = NO;
				DEBUG_INFORMATION_FORMAT = "dwarf-with-dsym";
				ENABLE_NS_ASSERTIONS = NO;
				ENABLE_STRICT_OBJC_MSGSEND = YES;
				GCC_C_LANGUAGE_STANDARD = gnu11;
				GCC_NO_COMMON_BLOCKS = YES;
				GCC_WARN_64_TO_32_BIT_CONVERSION = YES;
				GCC_WARN_ABOUT_RETURN_TYPE = YES_ERROR;
				GCC_WARN_UNDECLARED_SELECTOR = YES;
				GCC_WARN_UNINITIALIZED_AUTOS = YES_AGGRESSIVE;
				GCC_WARN_UNUSED_FUNCTION = YES;
				GCC_WARN_UNUSED_VARIABLE = YES;
				IPHONEOS_DEPLOYMENT_TARGET = 16.2;
				MTL_ENABLE_DEBUG_INFO = NO;
				MTL_FAST_MATH = YES;
				SDKROOT = iphoneos;
				SWIFT_COMPILATION_MODE = wholemodule;
				SWIFT_OPTIMIZATION_LEVEL = "-O";
				VALIDATE_PRODUCT = YES;
			};
			name = Release;
		};
		A17B76862AC314F1001ED2A1 /* Debug */ = {
			isa = XCBuildConfiguration;
			buildSettings = {
				ASSETCATALOG_COMPILER_APPICON_NAME = AppIcon;
				ASSETCATALOG_COMPILER_GLOBAL_ACCENT_COLOR_NAME = AccentColor;
				CODE_SIGN_STYLE = Automatic;
				CURRENT_PROJECT_VERSION = 1;
				DEVELOPMENT_ASSET_PATHS = "\"Fasthub/Preview Content\"";
				DEVELOPMENT_TEAM = 289XASJHAK;
				ENABLE_PREVIEWS = YES;
				GENERATE_INFOPLIST_FILE = YES;
				INFOPLIST_KEY_UIApplicationSceneManifest_Generation = YES;
				INFOPLIST_KEY_UIApplicationSupportsIndirectInputEvents = YES;
				INFOPLIST_KEY_UILaunchScreen_Generation = YES;
				INFOPLIST_KEY_UISupportedInterfaceOrientations_iPad = "UIInterfaceOrientationPortrait UIInterfaceOrientationPortraitUpsideDown UIInterfaceOrientationLandscapeLeft UIInterfaceOrientationLandscapeRight";
				INFOPLIST_KEY_UISupportedInterfaceOrientations_iPhone = "UIInterfaceOrientationPortrait UIInterfaceOrientationLandscapeLeft UIInterfaceOrientationLandscapeRight";
				LD_RUNPATH_SEARCH_PATHS = (
					"$(inherited)",
					"@executable_path/Frameworks",
				);
				MARKETING_VERSION = 1.0;
				PRODUCT_BUNDLE_IDENTIFIER = dev.alfin.Fasthub;
				PRODUCT_NAME = "$(TARGET_NAME)";
				SWIFT_EMIT_LOC_STRINGS = YES;
				SWIFT_VERSION = 5.0;
				TARGETED_DEVICE_FAMILY = "1,2";
			};
			name = Debug;
		};
		A17B76872AC314F1001ED2A1 /* Release */ = {
			isa = XCBuildConfiguration;
			buildSettings = {
				ASSETCATALOG_COMPILER_APPICON_NAME = AppIcon;
				ASSETCATALOG_COMPILER_GLOBAL_ACCENT_COLOR_NAME = AccentColor;
				CODE_SIGN_STYLE = Automatic;
				CURRENT_PROJECT_VERSION = 1;
				DEVELOPMENT_ASSET_PATHS = "\"Fasthub/Preview Content\"";
				DEVELOPMENT_TEAM = 289XASJHAK;
				ENABLE_PREVIEWS = YES;
				GENERATE_INFOPLIST_FILE = YES;
				INFOPLIST_KEY_UIApplicationSceneManifest_Generation = YES;
				INFOPLIST_KEY_UIApplicationSupportsIndirectInputEvents = YES;
				INFOPLIST_KEY_UILaunchScreen_Generation = YES;
				INFOPLIST_KEY_UISupportedInterfaceOrientations_iPad = "UIInterfaceOrientationPortrait UIInterfaceOrientationPortraitUpsideDown UIInterfaceOrientationLandscapeLeft UIInterfaceOrientationLandscapeRight";
				INFOPLIST_KEY_UISupportedInterfaceOrientations_iPhone = "UIInterfaceOrientationPortrait UIInterfaceOrientationLandscapeLeft UIInterfaceOrientationLandscapeRight";
				LD_RUNPATH_SEARCH_PATHS = (
					"$(inherited)",
					"@executable_path/Frameworks",
				);
				MARKETING_VERSION = 1.0;
				PRODUCT_BUNDLE_IDENTIFIER = dev.alfin.Fasthub;
				PRODUCT_NAME = "$(TARGET_NAME)";
				SWIFT_EMIT_LOC_STRINGS = YES;
				SWIFT_VERSION = 5.0;
				TARGETED_DEVICE_FAMILY = "1,2";
			};
			name = Release;
		};
		A17B76892AC314F1001ED2A1 /* Debug */ = {
			isa = XCBuildConfiguration;
			buildSettings = {
				ALWAYS_EMBED_SWIFT_STANDARD_LIBRARIES = YES;
				BUNDLE_LOADER = "$(TEST_HOST)";
				CODE_SIGN_STYLE = Automatic;
				CURRENT_PROJECT_VERSION = 1;
				DEVELOPMENT_TEAM = 289XASJHAK;
				GENERATE_INFOPLIST_FILE = YES;
				IPHONEOS_DEPLOYMENT_TARGET = 16.2;
				MARKETING_VERSION = 1.0;
				PRODUCT_BUNDLE_IDENTIFIER = dev.alfin.FasthubTests;
				PRODUCT_NAME = "$(TARGET_NAME)";
				SWIFT_EMIT_LOC_STRINGS = NO;
				SWIFT_VERSION = 5.0;
				TARGETED_DEVICE_FAMILY = "1,2";
				TEST_HOST = "$(BUILT_PRODUCTS_DIR)/Fasthub.app/$(BUNDLE_EXECUTABLE_FOLDER_PATH)/Fasthub";
			};
			name = Debug;
		};
		A17B768A2AC314F1001ED2A1 /* Release */ = {
			isa = XCBuildConfiguration;
			buildSettings = {
				ALWAYS_EMBED_SWIFT_STANDARD_LIBRARIES = YES;
				BUNDLE_LOADER = "$(TEST_HOST)";
				CODE_SIGN_STYLE = Automatic;
				CURRENT_PROJECT_VERSION = 1;
				DEVELOPMENT_TEAM = 289XASJHAK;
				GENERATE_INFOPLIST_FILE = YES;
				IPHONEOS_DEPLOYMENT_TARGET = 16.2;
				MARKETING_VERSION = 1.0;
				PRODUCT_BUNDLE_IDENTIFIER = dev.alfin.FasthubTests;
				PRODUCT_NAME = "$(TARGET_NAME)";
				SWIFT_EMIT_LOC_STRINGS = NO;
				SWIFT_VERSION = 5.0;
				TARGETED_DEVICE_FAMILY = "1,2";
				TEST_HOST = "$(BUILT_PRODUCTS_DIR)/Fasthub.app/$(BUNDLE_EXECUTABLE_FOLDER_PATH)/Fasthub";
			};
			name = Release;
		};
		A17B768C2AC314F1001ED2A1 /* Debug */ = {
			isa = XCBuildConfiguration;
			buildSettings = {
				ALWAYS_EMBED_SWIFT_STANDARD_LIBRARIES = YES;
				CODE_SIGN_STYLE = Automatic;
				CURRENT_PROJECT_VERSION = 1;
				DEVELOPMENT_TEAM = 289XASJHAK;
				GENERATE_INFOPLIST_FILE = YES;
				MARKETING_VERSION = 1.0;
				PRODUCT_BUNDLE_IDENTIFIER = dev.alfin.FasthubUITests;
				PRODUCT_NAME = "$(TARGET_NAME)";
				SWIFT_EMIT_LOC_STRINGS = NO;
				SWIFT_VERSION = 5.0;
				TARGETED_DEVICE_FAMILY = "1,2";
				TEST_TARGET_NAME = Fasthub;
			};
			name = Debug;
		};
		A17B768D2AC314F1001ED2A1 /* Release */ = {
			isa = XCBuildConfiguration;
			buildSettings = {
				ALWAYS_EMBED_SWIFT_STANDARD_LIBRARIES = YES;
				CODE_SIGN_STYLE = Automatic;
				CURRENT_PROJECT_VERSION = 1;
				DEVELOPMENT_TEAM = 289XASJHAK;
				GENERATE_INFOPLIST_FILE = YES;
				MARKETING_VERSION = 1.0;
				PRODUCT_BUNDLE_IDENTIFIER = dev.alfin.FasthubUITests;
				PRODUCT_NAME = "$(TARGET_NAME)";
				SWIFT_EMIT_LOC_STRINGS = NO;
				SWIFT_VERSION = 5.0;
				TARGETED_DEVICE_FAMILY = "1,2";
				TEST_TARGET_NAME = Fasthub;
			};
			name = Release;
		};
/* End XCBuildConfiguration section */

/* Begin XCConfigurationList section */
		A17B765C2AC314E9001ED2A1 /* Build configuration list for PBXProject "Fasthub" */ = {
			isa = XCConfigurationList;
			buildConfigurations = (
				A17B76832AC314F1001ED2A1 /* Debug */,
				A17B76842AC314F1001ED2A1 /* Release */,
			);
			defaultConfigurationIsVisible = 0;
			defaultConfigurationName = Release;
		};
		A17B76852AC314F1001ED2A1 /* Build configuration list for PBXNativeTarget "Fasthub" */ = {
			isa = XCConfigurationList;
			buildConfigurations = (
				A17B76862AC314F1001ED2A1 /* Debug */,
				A17B76872AC314F1001ED2A1 /* Release */,
			);
			defaultConfigurationIsVisible = 0;
			defaultConfigurationName = Release;
		};
		A17B76882AC314F1001ED2A1 /* Build configuration list for PBXNativeTarget "FasthubTests" */ = {
			isa = XCConfigurationList;
			buildConfigurations = (
				A17B76892AC314F1001ED2A1 /* Debug */,
				A17B768A2AC314F1001ED2A1 /* Release */,
			);
			defaultConfigurationIsVisible = 0;
			defaultConfigurationName = Release;
		};
		A17B768B2AC314F1001ED2A1 /* Build configuration list for PBXNativeTarget "FasthubUITests" */ = {
			isa = XCConfigurationList;
			buildConfigurations = (
				A17B768C2AC314F1001ED2A1 /* Debug */,
				A17B768D2AC314F1001ED2A1 /* Release */,
			);
			defaultConfigurationIsVisible = 0;
			defaultConfigurationName = Release;
		};
/* End XCConfigurationList section */
	};
	rootObject = A17B76592AC314E9001ED2A1 /* Project object */;
}
